
Microsoft Visual Studio Solution File, Format Version 12.00
# Visual Studio Version 16
VisualStudioVersion = 16.0.29519.87
MinimumVisualStudioVersion = 10.0.40219.1
Project("{FAE04EC0-301F-11D3-BF4B-00C04F79EFBC}") = "onOff", "onOff\onOff.csproj", "{F2F26961-ACEB-490D-B304-B457EDCA7DC5}"
EndProject
Global
	GlobalSection(SolutionConfigurationPlatforms) = preSolution
		Debug|Any CPU = Debug|Any CPU
		Release|Any CPU = Release|Any CPU
	EndGlobalSection
	GlobalSection(ProjectConfigurationPlatforms) = postSolution
		{F2F26961-ACEB-490D-B304-B457EDCA7DC5}.Debug|Any CPU.ActiveCfg = Debug|Any CPU
		{F2F26961-ACEB-490D-B304-B457EDCA7DC5}.Debug|Any CPU.Build.0 = Debug|Any CPU
		{F2F26961-ACEB-490D-B304-B457EDCA7DC5}.Release|Any CPU.ActiveCfg = Release|Any CPU
		{F2F26961-ACEB-490D-B304-B457EDCA7DC5}.Release|Any CPU.Build.0 = Release|Any CPU
	EndGlobalSection
	GlobalSection(SolutionProperties) = preSolution
		HideSolutionNode = FALSE
	EndGlobalSection
	GlobalSection(ExtensibilityGlobals) = postSolution
		SolutionGuid = {C5BCB334-5893-405C-B259-0BC0C7055B20}
	EndGlobalSection
EndGlobal
